
Microsoft Visual Studio Solution File, Format Version 12.00
# Visual Studio Version 16
VisualStudioVersion = 16.0.32413.511
MinimumVisualStudioVersion = 10.0.40219.1
Project("{9A19103F-16F7-4668-BE54-9A1E7A4F7556}") = "WebServer", "WebServer.csproj", "{C0E814B5-6169-48D9-B22D-12FBE4B483EB}"
EndProject
Global
	GlobalSection(SolutionConfigurationPlatforms) = preSolution
		Debug|Any CPU = Debug|Any CPU
		Release|Any CPU = Release|Any CPU
	EndGlobalSection
	GlobalSection(ProjectConfigurationPlatforms) = postSolution
		{C0E814B5-6169-48D9-B22D-12FBE4B483EB}.Debug|Any CPU.ActiveCfg = Debug|Any CPU
		{C0E814B5-6169-48D9-B22D-12FBE4B483EB}.Debug|Any CPU.Build.0 = Debug|Any CPU
		{C0E814B5-6169-48D9-B22D-12FBE4B483EB}.Release|Any CPU.ActiveCfg = Release|Any CPU
		{C0E814B5-6169-48D9-B22D-12FBE4B483EB}.Release|Any CPU.Build.0 = Release|Any CPU
	EndGlobalSection
	GlobalSection(SolutionProperties) = preSolution
		HideSolutionNode = FALSE
	EndGlobalSection
	GlobalSection(ExtensibilityGlobals) = postSolution
		SolutionGuid = {0FABD794-2CA8-41FE-8A99-EB75C9A51822}
	EndGlobalSection
EndGlobal
